
Microsoft Visual Studio Solution File, Format Version 12.00
# Visual Studio Version 17
VisualStudioVersion = 17.14.36616.10 d17.14
MinimumVisualStudioVersion = 10.0.40219.1
Project("{FAE04EC0-301F-11D3-BF4B-00C04F79EFBC}") = "QR-Inventory", "QR-Inventory\QR-Inventory.csproj", "{272233B7-186F-4850-81C4-94F8AE394121}"
EndProject
Global
	GlobalSection(SolutionConfigurationPlatforms) = preSolution
		Debug|Any CPU = Debug|Any CPU
		Release|Any CPU = Release|Any CPU
	EndGlobalSection
	GlobalSection(ProjectConfigurationPlatforms) = postSolution
		{272233B7-186F-4850-81C4-94F8AE394121}.Debug|Any CPU.ActiveCfg = Debug|Any CPU
		{272233B7-186F-4850-81C4-94F8AE394121}.Debug|Any CPU.Build.0 = Debug|Any CPU
		{272233B7-186F-4850-81C4-94F8AE394121}.Release|Any CPU.ActiveCfg = Release|Any CPU
		{272233B7-186F-4850-81C4-94F8AE394121}.Release|Any CPU.Build.0 = Release|Any CPU
	EndGlobalSection
	GlobalSection(SolutionProperties) = preSolution
		HideSolutionNode = FALSE
	EndGlobalSection
	GlobalSection(ExtensibilityGlobals) = postSolution
		SolutionGuid = {EA4405AC-F8AF-4974-9F06-CCE8E0685692}
	EndGlobalSection
EndGlobal
